// !$*UTF8*$!
{
	archiveVersion = 1;
	classes = {
	};
	objectVersion = 77;
	objects = {

/* Begin PBXBuildFile section */
		BF5380052D2C061400575C64 /* SplashScreenView.swift in Sources */ = {isa = PBXBuildFile; fileRef = BF5380042D2C061400575C64 /* SplashScreenView.swift */; };
		BF5380072D2C066700575C64 /* MainScreenView.swift in Sources */ = {isa = PBXBuildFile; fileRef = BF5380062D2C066700575C64 /* MainScreenView.swift */; };
		BF5380102D2C0D9700575C64 /* ScheduleView.swift in Sources */ = {isa = PBXBuildFile; fileRef = BF53800F2D2C0D9700575C64 /* ScheduleView.swift */; };
		BF5380122D2C0DA400575C64 /* SettingsView.swift in Sources */ = {isa = PBXBuildFile; fileRef = BF5380112D2C0DA400575C64 /* SettingsView.swift */; };
		BF85BC602D3E694700ED40C9 /* ErrorType.swift in Sources */ = {isa = PBXBuildFile; fileRef = BF85BC5F2D3E694700ED40C9 /* ErrorType.swift */; };
		BF85BC632D3E6CC300ED40C9 /* Reachability.swift in Sources */ = {isa = PBXBuildFile; fileRef = BF85BC622D3E6CAE00ED40C9 /* Reachability.swift */; };
		BF85BC742D40FD2E00ED40C9 /* StoryModel.swift in Sources */ = {isa = PBXBuildFile; fileRef = BF85BC732D40FD2E00ED40C9 /* StoryModel.swift */; };
		BF85BC762D40FD6300ED40C9 /* StoryView.swift in Sources */ = {isa = PBXBuildFile; fileRef = BF85BC752D40FD6300ED40C9 /* StoryView.swift */; };
		BF85BC792D41008F00ED40C9 /* Font+Extension.swift in Sources */ = {isa = PBXBuildFile; fileRef = BF85BC782D41008600ED40C9 /* Font+Extension.swift */; };
		BF85BC7C2D4102C500ED40C9 /* CloseButton.swift in Sources */ = {isa = PBXBuildFile; fileRef = BF85BC7B2D4102C500ED40C9 /* CloseButton.swift */; };
		BF85BC7F2D41031100ED40C9 /* StoriesView.swift in Sources */ = {isa = PBXBuildFile; fileRef = BF85BC7E2D41031100ED40C9 /* StoriesView.swift */; };
		BF85BC852D4246C700ED40C9 /* ProgressBar.swift in Sources */ = {isa = PBXBuildFile; fileRef = BF85BC842D4246C700ED40C9 /* ProgressBar.swift */; };
		BF85BC8F2D424BCB00ED40C9 /* TimerConfiguration.swift in Sources */ = {isa = PBXBuildFile; fileRef = BF85BC8E2D424BCB00ED40C9 /* TimerConfiguration.swift */; };
		BF85BC972D42501F00ED40C9 /* TimerConfiguration+Calculations.swift in Sources */ = {isa = PBXBuildFile; fileRef = BF85BC962D42501F00ED40C9 /* TimerConfiguration+Calculations.swift */; };
		BF85BC992D42506D00ED40C9 /* StoriesProgressBar.swift in Sources */ = {isa = PBXBuildFile; fileRef = BF85BC982D42506D00ED40C9 /* StoriesProgressBar.swift */; };
		BF85BC9B2D4250B700ED40C9 /* StoriesTabView.swift in Sources */ = {isa = PBXBuildFile; fileRef = BF85BC9A2D4250B700ED40C9 /* StoriesTabView.swift */; };
		BF85BC9F2D4253F500ED40C9 /* StoryPreview.swift in Sources */ = {isa = PBXBuildFile; fileRef = BF85BC9E2D4253F500ED40C9 /* StoryPreview.swift */; };
		BF85BCA32D478B5F00ED40C9 /* SettingsViewModel.swift in Sources */ = {isa = PBXBuildFile; fileRef = BF85BCA22D478B5F00ED40C9 /* SettingsViewModel.swift */; };
		BF85BCA62D47963600ED40C9 /* ScheduleViewModel.swift in Sources */ = {isa = PBXBuildFile; fileRef = BF85BCA52D47963600ED40C9 /* ScheduleViewModel.swift */; };
		BF85BCA92D49194A00ED40C9 /* StationsListViewModel.swift in Sources */ = {isa = PBXBuildFile; fileRef = BF85BCA82D49194A00ED40C9 /* StationsListViewModel.swift */; };
		BF85BCAB2D491C1B00ED40C9 /* NetworkClient.swift in Sources */ = {isa = PBXBuildFile; fileRef = BF85BCAA2D491C1B00ED40C9 /* NetworkClient.swift */; };
		BF85BCAD2D4B7AE400ED40C9 /* DateFormatterHelper.swift in Sources */ = {isa = PBXBuildFile; fileRef = BF85BCAC2D4B7AE400ED40C9 /* DateFormatterHelper.swift */; };
		BFB7E0B92D311E8100EEC20B /* CitiesViewModel.swift in Sources */ = {isa = PBXBuildFile; fileRef = BFB7E0B82D311E8100EEC20B /* CitiesViewModel.swift */; };
		BFB7E0BE2D311F9700EEC20B /* CityModel.swift in Sources */ = {isa = PBXBuildFile; fileRef = BFB7E0BD2D311F9700EEC20B /* CityModel.swift */; };
		BFB7E0C12D31235200EEC20B /* SearchBarView.swift in Sources */ = {isa = PBXBuildFile; fileRef = BFB7E0C02D31235200EEC20B /* SearchBarView.swift */; };
		BFB7E0C72D312C0600EEC20B /* Destination.swift in Sources */ = {isa = PBXBuildFile; fileRef = BFB7E0C62D312C0600EEC20B /* Destination.swift */; };
		BFB7E0CA2D312CD200EEC20B /* StationModel.swift in Sources */ = {isa = PBXBuildFile; fileRef = BFB7E0C92D312CD200EEC20B /* StationModel.swift */; };
		BFB7E0CC2D312E7100EEC20B /* TripsViewModel.swift in Sources */ = {isa = PBXBuildFile; fileRef = BFB7E0CB2D312E7100EEC20B /* TripsViewModel.swift */; };
		BFB7E0CE2D312EA200EEC20B /* Mock.swift in Sources */ = {isa = PBXBuildFile; fileRef = BFB7E0CD2D312EA200EEC20B /* Mock.swift */; };
		BFB7E0D02D312ECC00EEC20B /* TripModel.swift in Sources */ = {isa = PBXBuildFile; fileRef = BFB7E0CF2D312ECC00EEC20B /* TripModel.swift */; };
		BFB7E0D22D312ED900EEC20B /* CarrierModel.swift in Sources */ = {isa = PBXBuildFile; fileRef = BFB7E0D12D312ED900EEC20B /* CarrierModel.swift */; };
		BFB7E0D42D312F0200EEC20B /* CarriersViewModel.swift in Sources */ = {isa = PBXBuildFile; fileRef = BFB7E0D32D312F0200EEC20B /* CarriersViewModel.swift */; };
		BFB7E0D62D3902A100EEC20B /* CityListView.swift in Sources */ = {isa = PBXBuildFile; fileRef = BFB7E0D52D3902A100EEC20B /* CityListView.swift */; };
		BFB7E0DA2D39044C00EEC20B /* CustomBackButton.swift in Sources */ = {isa = PBXBuildFile; fileRef = BFB7E0D92D39044C00EEC20B /* CustomBackButton.swift */; };
		BFB7E0DC2D3904FB00EEC20B /* StationsListView.swift in Sources */ = {isa = PBXBuildFile; fileRef = BFB7E0DB2D3904FB00EEC20B /* StationsListView.swift */; };
		BFB7E0DE2D3905EC00EEC20B /* TripsListView.swift in Sources */ = {isa = PBXBuildFile; fileRef = BFB7E0DD2D3905EC00EEC20B /* TripsListView.swift */; };
		BFB7E0E02D39060500EEC20B /* TripsRowView.swift in Sources */ = {isa = PBXBuildFile; fileRef = BFB7E0DF2D39060500EEC20B /* TripsRowView.swift */; };
		BFB7E0E22D39064A00EEC20B /* TripFilterView.swift in Sources */ = {isa = PBXBuildFile; fileRef = BFB7E0E12D39064A00EEC20B /* TripFilterView.swift */; };
		BFB7E0E42D3906C100EEC20B /* CarrierInfoView.swift in Sources */ = {isa = PBXBuildFile; fileRef = BFB7E0E32D3906C100EEC20B /* CarrierInfoView.swift */; };
		BFB7E0E72D390B4A00EEC20B /* ErrorView.swift in Sources */ = {isa = PBXBuildFile; fileRef = BFB7E0E62D390B4A00EEC20B /* ErrorView.swift */; };
		BFB7E0EA2D390BCC00EEC20B /* WebContentView.swift in Sources */ = {isa = PBXBuildFile; fileRef = BFB7E0E92D390BCC00EEC20B /* WebContentView.swift */; };
		BFB7E0ED2D390BEC00EEC20B /* WebView.swift in Sources */ = {isa = PBXBuildFile; fileRef = BFB7E0EC2D390BEC00EEC20B /* WebView.swift */; };
		BFDAE3F32D08486500ECAA6F /* Preview Assets.xcassets in Resources */ = {isa = PBXBuildFile; fileRef = BFDAE3EC2D08486500ECAA6F /* Preview Assets.xcassets */; };
		BFDAE3F42D08486500ECAA6F /* Assets.xcassets in Resources */ = {isa = PBXBuildFile; fileRef = BFDAE3EF2D08486500ECAA6F /* Assets.xcassets */; };
		BFDAE3F52D08486500ECAA6F /* ContentView.swift in Sources */ = {isa = PBXBuildFile; fileRef = BFDAE3F02D08486500ECAA6F /* ContentView.swift */; };
		BFDAE3F62D08486500ECAA6F /* TravelScheduleApp.swift in Sources */ = {isa = PBXBuildFile; fileRef = BFDAE3F12D08486500ECAA6F /* TravelScheduleApp.swift */; };
		BFDAE3FC2D08490000ECAA6F /* OpenAPIRuntime in Frameworks */ = {isa = PBXBuildFile; productRef = BFDAE3FB2D08490000ECAA6F /* OpenAPIRuntime */; };
		BFDAE3FF2D08492900ECAA6F /* OpenAPIURLSession in Frameworks */ = {isa = PBXBuildFile; productRef = BFDAE3FE2D08492900ECAA6F /* OpenAPIURLSession */; };
		BFDAE4032D0849A300ECAA6F /* openapi-generator-config.yaml in Resources */ = {isa = PBXBuildFile; fileRef = BFDAE4022D08499C00ECAA6F /* openapi-generator-config.yaml */; };
		BFDAE4052D0849F600ECAA6F /* openapi.yaml in Resources */ = {isa = PBXBuildFile; fileRef = BFDAE4042D0849F600ECAA6F /* openapi.yaml */; };
		BFDAE4082D084AB300ECAA6F /* NearestStationService.swift in Sources */ = {isa = PBXBuildFile; fileRef = BFDAE4072D084AB300ECAA6F /* NearestStationService.swift */; };
		BFDAE40A2D08522900ECAA6F /* SearchService.swift in Sources */ = {isa = PBXBuildFile; fileRef = BFDAE4092D08522900ECAA6F /* SearchService.swift */; };
		BFDAE40C2D0AE6AC00ECAA6F /* ScheduleService.swift in Sources */ = {isa = PBXBuildFile; fileRef = BFDAE40B2D0AE6AC00ECAA6F /* ScheduleService.swift */; };
		BFDAE40F2D0AEB8D00ECAA6F /* ThreadService.swift in Sources */ = {isa = PBXBuildFile; fileRef = BFDAE40E2D0AEB8D00ECAA6F /* ThreadService.swift */; };
		BFDAE4112D0AECB500ECAA6F /* CopyrightService.swift in Sources */ = {isa = PBXBuildFile; fileRef = BFDAE4102D0AECB500ECAA6F /* CopyrightService.swift */; };
		BFDAE4132D0AEDF000ECAA6F /* StationsListService.swift in Sources */ = {isa = PBXBuildFile; fileRef = BFDAE4122D0AEDF000ECAA6F /* StationsListService.swift */; };
		BFDAE4152D0AEECB00ECAA6F /* NearestSettlementService.swift in Sources */ = {isa = PBXBuildFile; fileRef = BFDAE4142D0AEECB00ECAA6F /* NearestSettlementService.swift */; };
		BFDAE4172D0AEFE400ECAA6F /* CarrierService.swift in Sources */ = {isa = PBXBuildFile; fileRef = BFDAE4162D0AEFE400ECAA6F /* CarrierService.swift */; };
		BFDAE41A2D0AF1A700ECAA6F /* Constants.swift in Sources */ = {isa = PBXBuildFile; fileRef = BFDAE4192D0AF1A700ECAA6F /* Constants.swift */; };
/* End PBXBuildFile section */

/* Begin PBXFileReference section */
		BF5380002D2C040900575C64 /* Info.plist */ = {isa = PBXFileReference; lastKnownFileType = text.plist; path = Info.plist; sourceTree = "<group>"; };
		BF5380042D2C061400575C64 /* SplashScreenView.swift */ = {isa = PBXFileReference; lastKnownFileType = sourcecode.swift; path = SplashScreenView.swift; sourceTree = "<group>"; };
		BF5380062D2C066700575C64 /* MainScreenView.swift */ = {isa = PBXFileReference; lastKnownFileType = sourcecode.swift; path = MainScreenView.swift; sourceTree = "<group>"; };
		BF53800F2D2C0D9700575C64 /* ScheduleView.swift */ = {isa = PBXFileReference; lastKnownFileType = sourcecode.swift; path = ScheduleView.swift; sourceTree = "<group>"; };
		BF5380112D2C0DA400575C64 /* SettingsView.swift */ = {isa = PBXFileReference; lastKnownFileType = sourcecode.swift; path = SettingsView.swift; sourceTree = "<group>"; };
		BF85BC5F2D3E694700ED40C9 /* ErrorType.swift */ = {isa = PBXFileReference; lastKnownFileType = sourcecode.swift; path = ErrorType.swift; sourceTree = "<group>"; };
		BF85BC622D3E6CAE00ED40C9 /* Reachability.swift */ = {isa = PBXFileReference; lastKnownFileType = sourcecode.swift; path = Reachability.swift; sourceTree = "<group>"; };
		BF85BC732D40FD2E00ED40C9 /* StoryModel.swift */ = {isa = PBXFileReference; lastKnownFileType = sourcecode.swift; path = StoryModel.swift; sourceTree = "<group>"; };
		BF85BC752D40FD6300ED40C9 /* StoryView.swift */ = {isa = PBXFileReference; lastKnownFileType = sourcecode.swift; path = StoryView.swift; sourceTree = "<group>"; };
		BF85BC782D41008600ED40C9 /* Font+Extension.swift */ = {isa = PBXFileReference; lastKnownFileType = sourcecode.swift; path = "Font+Extension.swift"; sourceTree = "<group>"; };
		BF85BC7B2D4102C500ED40C9 /* CloseButton.swift */ = {isa = PBXFileReference; lastKnownFileType = sourcecode.swift; path = CloseButton.swift; sourceTree = "<group>"; };
		BF85BC7E2D41031100ED40C9 /* StoriesView.swift */ = {isa = PBXFileReference; lastKnownFileType = sourcecode.swift; path = StoriesView.swift; sourceTree = "<group>"; };
		BF85BC842D4246C700ED40C9 /* ProgressBar.swift */ = {isa = PBXFileReference; lastKnownFileType = sourcecode.swift; path = ProgressBar.swift; sourceTree = "<group>"; };
		BF85BC8E2D424BCB00ED40C9 /* TimerConfiguration.swift */ = {isa = PBXFileReference; lastKnownFileType = sourcecode.swift; path = TimerConfiguration.swift; sourceTree = "<group>"; };
		BF85BC962D42501F00ED40C9 /* TimerConfiguration+Calculations.swift */ = {isa = PBXFileReference; lastKnownFileType = sourcecode.swift; path = "TimerConfiguration+Calculations.swift"; sourceTree = "<group>"; };
		BF85BC982D42506D00ED40C9 /* StoriesProgressBar.swift */ = {isa = PBXFileReference; lastKnownFileType = sourcecode.swift; path = StoriesProgressBar.swift; sourceTree = "<group>"; };
		BF85BC9A2D4250B700ED40C9 /* StoriesTabView.swift */ = {isa = PBXFileReference; lastKnownFileType = sourcecode.swift; path = StoriesTabView.swift; sourceTree = "<group>"; };
		BF85BC9E2D4253F500ED40C9 /* StoryPreview.swift */ = {isa = PBXFileReference; lastKnownFileType = sourcecode.swift; path = StoryPreview.swift; sourceTree = "<group>"; };
		BF85BCA22D478B5F00ED40C9 /* SettingsViewModel.swift */ = {isa = PBXFileReference; lastKnownFileType = sourcecode.swift; path = SettingsViewModel.swift; sourceTree = "<group>"; };
		BF85BCA52D47963600ED40C9 /* ScheduleViewModel.swift */ = {isa = PBXFileReference; lastKnownFileType = sourcecode.swift; path = ScheduleViewModel.swift; sourceTree = "<group>"; };
		BF85BCA82D49194A00ED40C9 /* StationsListViewModel.swift */ = {isa = PBXFileReference; lastKnownFileType = sourcecode.swift; path = StationsListViewModel.swift; sourceTree = "<group>"; };
		BF85BCAA2D491C1B00ED40C9 /* NetworkClient.swift */ = {isa = PBXFileReference; lastKnownFileType = sourcecode.swift; path = NetworkClient.swift; sourceTree = "<group>"; };
		BF85BCAC2D4B7AE400ED40C9 /* DateFormatterHelper.swift */ = {isa = PBXFileReference; lastKnownFileType = sourcecode.swift; path = DateFormatterHelper.swift; sourceTree = "<group>"; };
		BFB7E0B82D311E8100EEC20B /* CitiesViewModel.swift */ = {isa = PBXFileReference; lastKnownFileType = sourcecode.swift; path = CitiesViewModel.swift; sourceTree = "<group>"; };
		BFB7E0BD2D311F9700EEC20B /* CityModel.swift */ = {isa = PBXFileReference; lastKnownFileType = sourcecode.swift; path = CityModel.swift; sourceTree = "<group>"; };
		BFB7E0C02D31235200EEC20B /* SearchBarView.swift */ = {isa = PBXFileReference; lastKnownFileType = sourcecode.swift; path = SearchBarView.swift; sourceTree = "<group>"; };
		BFB7E0C62D312C0600EEC20B /* Destination.swift */ = {isa = PBXFileReference; lastKnownFileType = sourcecode.swift; path = Destination.swift; sourceTree = "<group>"; };
		BFB7E0C92D312CD200EEC20B /* StationModel.swift */ = {isa = PBXFileReference; lastKnownFileType = sourcecode.swift; path = StationModel.swift; sourceTree = "<group>"; };
		BFB7E0CB2D312E7100EEC20B /* TripsViewModel.swift */ = {isa = PBXFileReference; lastKnownFileType = sourcecode.swift; path = TripsViewModel.swift; sourceTree = "<group>"; };
		BFB7E0CD2D312EA200EEC20B /* Mock.swift */ = {isa = PBXFileReference; lastKnownFileType = sourcecode.swift; path = Mock.swift; sourceTree = "<group>"; };
		BFB7E0CF2D312ECC00EEC20B /* TripModel.swift */ = {isa = PBXFileReference; lastKnownFileType = sourcecode.swift; path = TripModel.swift; sourceTree = "<group>"; };
		BFB7E0D12D312ED900EEC20B /* CarrierModel.swift */ = {isa = PBXFileReference; lastKnownFileType = sourcecode.swift; path = CarrierModel.swift; sourceTree = "<group>"; };
		BFB7E0D32D312F0200EEC20B /* CarriersViewModel.swift */ = {isa = PBXFileReference; lastKnownFileType = sourcecode.swift; path = CarriersViewModel.swift; sourceTree = "<group>"; };
		BFB7E0D52D3902A100EEC20B /* CityListView.swift */ = {isa = PBXFileReference; lastKnownFileType = sourcecode.swift; path = CityListView.swift; sourceTree = "<group>"; };
		BFB7E0D92D39044C00EEC20B /* CustomBackButton.swift */ = {isa = PBXFileReference; lastKnownFileType = sourcecode.swift; path = CustomBackButton.swift; sourceTree = "<group>"; };
		BFB7E0DB2D3904FB00EEC20B /* StationsListView.swift */ = {isa = PBXFileReference; lastKnownFileType = sourcecode.swift; path = StationsListView.swift; sourceTree = "<group>"; };
		BFB7E0DD2D3905EC00EEC20B /* TripsListView.swift */ = {isa = PBXFileReference; lastKnownFileType = sourcecode.swift; path = TripsListView.swift; sourceTree = "<group>"; };
		BFB7E0DF2D39060500EEC20B /* TripsRowView.swift */ = {isa = PBXFileReference; lastKnownFileType = sourcecode.swift; path = TripsRowView.swift; sourceTree = "<group>"; };
		BFB7E0E12D39064A00EEC20B /* TripFilterView.swift */ = {isa = PBXFileReference; lastKnownFileType = sourcecode.swift; path = TripFilterView.swift; sourceTree = "<group>"; };
		BFB7E0E32D3906C100EEC20B /* CarrierInfoView.swift */ = {isa = PBXFileReference; lastKnownFileType = sourcecode.swift; path = CarrierInfoView.swift; sourceTree = "<group>"; };
		BFB7E0E62D390B4A00EEC20B /* ErrorView.swift */ = {isa = PBXFileReference; lastKnownFileType = sourcecode.swift; path = ErrorView.swift; sourceTree = "<group>"; };
		BFB7E0E92D390BCC00EEC20B /* WebContentView.swift */ = {isa = PBXFileReference; lastKnownFileType = sourcecode.swift; path = WebContentView.swift; sourceTree = "<group>"; };
		BFB7E0EC2D390BEC00EEC20B /* WebView.swift */ = {isa = PBXFileReference; lastKnownFileType = sourcecode.swift; path = WebView.swift; sourceTree = "<group>"; };
		BFDAE3992D01BA0900ECAA6F /* TravelSchedule.app */ = {isa = PBXFileReference; explicitFileType = wrapper.application; includeInIndex = 0; path = TravelSchedule.app; sourceTree = BUILT_PRODUCTS_DIR; };
		BFDAE3EC2D08486500ECAA6F /* Preview Assets.xcassets */ = {isa = PBXFileReference; lastKnownFileType = folder.assetcatalog; path = "Preview Assets.xcassets"; sourceTree = "<group>"; };
		BFDAE3EF2D08486500ECAA6F /* Assets.xcassets */ = {isa = PBXFileReference; lastKnownFileType = folder.assetcatalog; path = Assets.xcassets; sourceTree = "<group>"; };
		BFDAE3F02D08486500ECAA6F /* ContentView.swift */ = {isa = PBXFileReference; lastKnownFileType = sourcecode.swift; path = ContentView.swift; sourceTree = "<group>"; };
		BFDAE3F12D08486500ECAA6F /* TravelScheduleApp.swift */ = {isa = PBXFileReference; lastKnownFileType = sourcecode.swift; path = TravelScheduleApp.swift; sourceTree = "<group>"; };
		BFDAE4022D08499C00ECAA6F /* openapi-generator-config.yaml */ = {isa = PBXFileReference; lastKnownFileType = text.yaml; path = "openapi-generator-config.yaml"; sourceTree = "<group>"; };
		BFDAE4042D0849F600ECAA6F /* openapi.yaml */ = {isa = PBXFileReference; lastKnownFileType = text.yaml; path = openapi.yaml; sourceTree = "<group>"; };
		BFDAE4072D084AB300ECAA6F /* NearestStationService.swift */ = {isa = PBXFileReference; lastKnownFileType = sourcecode.swift; path = NearestStationService.swift; sourceTree = "<group>"; };
		BFDAE4092D08522900ECAA6F /* SearchService.swift */ = {isa = PBXFileReference; lastKnownFileType = sourcecode.swift; path = SearchService.swift; sourceTree = "<group>"; };
		BFDAE40B2D0AE6AC00ECAA6F /* ScheduleService.swift */ = {isa = PBXFileReference; lastKnownFileType = sourcecode.swift; path = ScheduleService.swift; sourceTree = "<group>"; };
		BFDAE40E2D0AEB8D00ECAA6F /* ThreadService.swift */ = {isa = PBXFileReference; lastKnownFileType = sourcecode.swift; path = ThreadService.swift; sourceTree = "<group>"; };
		BFDAE4102D0AECB500ECAA6F /* CopyrightService.swift */ = {isa = PBXFileReference; lastKnownFileType = sourcecode.swift; path = CopyrightService.swift; sourceTree = "<group>"; };
		BFDAE4122D0AEDF000ECAA6F /* StationsListService.swift */ = {isa = PBXFileReference; lastKnownFileType = sourcecode.swift; path = StationsListService.swift; sourceTree = "<group>"; };
		BFDAE4142D0AEECB00ECAA6F /* NearestSettlementService.swift */ = {isa = PBXFileReference; lastKnownFileType = sourcecode.swift; path = NearestSettlementService.swift; sourceTree = "<group>"; };
		BFDAE4162D0AEFE400ECAA6F /* CarrierService.swift */ = {isa = PBXFileReference; lastKnownFileType = sourcecode.swift; path = CarrierService.swift; sourceTree = "<group>"; };
		BFDAE4192D0AF1A700ECAA6F /* Constants.swift */ = {isa = PBXFileReference; lastKnownFileType = sourcecode.swift; path = Constants.swift; sourceTree = "<group>"; };
/* End PBXFileReference section */

/* Begin PBXFrameworksBuildPhase section */
		BFDAE3962D01BA0900ECAA6F /* Frameworks */ = {
			isa = PBXFrameworksBuildPhase;
			buildActionMask = 2147483647;
			files = (
				BFDAE3FC2D08490000ECAA6F /* OpenAPIRuntime in Frameworks */,
				BFDAE3FF2D08492900ECAA6F /* OpenAPIURLSession in Frameworks */,
			);
			runOnlyForDeploymentPostprocessing = 0;
		};
/* End PBXFrameworksBuildPhase section */

/* Begin PBXGroup section */
		BF5380032D2C060000575C64 /* View */ = {
			isa = PBXGroup;
			children = (
				BF85BC722D40FC4F00ED40C9 /* Stories */,
				BF5380042D2C061400575C64 /* SplashScreenView.swift */,
				BF5380062D2C066700575C64 /* MainScreenView.swift */,
				BF53800F2D2C0D9700575C64 /* ScheduleView.swift */,
				BF5380112D2C0DA400575C64 /* SettingsView.swift */,
				BFB7E0C02D31235200EEC20B /* SearchBarView.swift */,
				BFB7E0D52D3902A100EEC20B /* CityListView.swift */,
				BFB7E0DB2D3904FB00EEC20B /* StationsListView.swift */,
				BFB7E0DD2D3905EC00EEC20B /* TripsListView.swift */,
				BFB7E0DF2D39060500EEC20B /* TripsRowView.swift */,
				BFB7E0E12D39064A00EEC20B /* TripFilterView.swift */,
				BFB7E0E32D3906C100EEC20B /* CarrierInfoView.swift */,
				BFB7E0E62D390B4A00EEC20B /* ErrorView.swift */,
				BFB7E0E92D390BCC00EEC20B /* WebContentView.swift */,
				BFB7E0EC2D390BEC00EEC20B /* WebView.swift */,
			);
			path = View;
			sourceTree = "<group>";
		};
		BF85BC722D40FC4F00ED40C9 /* Stories */ = {
			isa = PBXGroup;
			children = (
				BF85BC752D40FD6300ED40C9 /* StoryView.swift */,
				BF85BC7E2D41031100ED40C9 /* StoriesView.swift */,
				BF85BC842D4246C700ED40C9 /* ProgressBar.swift */,
				BF85BC982D42506D00ED40C9 /* StoriesProgressBar.swift */,
				BF85BC9A2D4250B700ED40C9 /* StoriesTabView.swift */,
				BF85BC9E2D4253F500ED40C9 /* StoryPreview.swift */,
			);
			path = Stories;
			sourceTree = "<group>";
		};
		BF85BC922D424FF500ED40C9 /* Algorithms */ = {
			isa = PBXGroup;
			children = (
				BF85BC8E2D424BCB00ED40C9 /* TimerConfiguration.swift */,
				BF85BC962D42501F00ED40C9 /* TimerConfiguration+Calculations.swift */,
			);
			path = Algorithms;
			sourceTree = "<group>";
		};
		BFB7E0B52D311E6B00EEC20B /* ViewModel */ = {
			isa = PBXGroup;
			children = (
				BFB7E0B82D311E8100EEC20B /* CitiesViewModel.swift */,
				BFB7E0CB2D312E7100EEC20B /* TripsViewModel.swift */,
				BFB7E0D32D312F0200EEC20B /* CarriersViewModel.swift */,
				BF85BCA22D478B5F00ED40C9 /* SettingsViewModel.swift */,
				BF85BCA52D47963600ED40C9 /* ScheduleViewModel.swift */,
				BF85BCA82D49194A00ED40C9 /* StationsListViewModel.swift */,
			);
			path = ViewModel;
			sourceTree = "<group>";
		};
		BFB7E0BC2D311F8A00EEC20B /* Model */ = {
			isa = PBXGroup;
			children = (
				BFB7E0BD2D311F9700EEC20B /* CityModel.swift */,
				BFB7E0C92D312CD200EEC20B /* StationModel.swift */,
				BFB7E0CF2D312ECC00EEC20B /* TripModel.swift */,
				BFB7E0D12D312ED900EEC20B /* CarrierModel.swift */,
				BF85BC5F2D3E694700ED40C9 /* ErrorType.swift */,
				BF85BC732D40FD2E00ED40C9 /* StoryModel.swift */,
			);
			path = Model;
			sourceTree = "<group>";
		};
		BFDAE3902D01BA0900ECAA6F = {
			isa = PBXGroup;
			children = (
				BFDAE4042D0849F600ECAA6F /* openapi.yaml */,
				BFDAE4022D08499C00ECAA6F /* openapi-generator-config.yaml */,
				BFDAE3F22D08486500ECAA6F /* TravelSchedule */,
				BFDAE39A2D01BA0900ECAA6F /* Products */,
			);
			sourceTree = "<group>";
		};
		BFDAE39A2D01BA0900ECAA6F /* Products */ = {
			isa = PBXGroup;
			children = (
				BFDAE3992D01BA0900ECAA6F /* TravelSchedule.app */,
			);
			name = Products;
			sourceTree = "<group>";
		};
		BFDAE3ED2D08486500ECAA6F /* Preview Content */ = {
			isa = PBXGroup;
			children = (
				BFDAE3EC2D08486500ECAA6F /* Preview Assets.xcassets */,
			);
			path = "Preview Content";
			sourceTree = "<group>";
		};
		BFDAE3EE2D08486500ECAA6F /* Services */ = {
			isa = PBXGroup;
			children = (
				BFDAE4072D084AB300ECAA6F /* NearestStationService.swift */,
				BFDAE4092D08522900ECAA6F /* SearchService.swift */,
				BFDAE40B2D0AE6AC00ECAA6F /* ScheduleService.swift */,
				BFDAE40E2D0AEB8D00ECAA6F /* ThreadService.swift */,
				BFDAE4102D0AECB500ECAA6F /* CopyrightService.swift */,
				BFDAE4122D0AEDF000ECAA6F /* StationsListService.swift */,
				BFDAE4142D0AEECB00ECAA6F /* NearestSettlementService.swift */,
				BFDAE4162D0AEFE400ECAA6F /* CarrierService.swift */,
			);
			path = Services;
			sourceTree = "<group>";
		};
		BFDAE3F22D08486500ECAA6F /* TravelSchedule */ = {
			isa = PBXGroup;
			children = (
				BFB7E0BC2D311F8A00EEC20B /* Model */,
				BFB7E0B52D311E6B00EEC20B /* ViewModel */,
				BF5380032D2C060000575C64 /* View */,
				BF5380002D2C040900575C64 /* Info.plist */,
				BFDAE4182D0AF19700ECAA6F /* Helpers */,
				BFDAE3ED2D08486500ECAA6F /* Preview Content */,
				BFDAE3EE2D08486500ECAA6F /* Services */,
				BFDAE3EF2D08486500ECAA6F /* Assets.xcassets */,
				BFDAE3F02D08486500ECAA6F /* ContentView.swift */,
				BFDAE3F12D08486500ECAA6F /* TravelScheduleApp.swift */,
			);
			path = TravelSchedule;
			sourceTree = "<group>";
		};
		BFDAE4182D0AF19700ECAA6F /* Helpers */ = {
			isa = PBXGroup;
			children = (
				BF85BC922D424FF500ED40C9 /* Algorithms */,
				BF85BC782D41008600ED40C9 /* Font+Extension.swift */,
				BF85BC622D3E6CAE00ED40C9 /* Reachability.swift */,
				BFDAE4192D0AF1A700ECAA6F /* Constants.swift */,
				BFB7E0C62D312C0600EEC20B /* Destination.swift */,
				BFB7E0CD2D312EA200EEC20B /* Mock.swift */,
				BFB7E0D92D39044C00EEC20B /* CustomBackButton.swift */,
				BF85BC7B2D4102C500ED40C9 /* CloseButton.swift */,
				BF85BCAA2D491C1B00ED40C9 /* NetworkClient.swift */,
				BF85BCAC2D4B7AE400ED40C9 /* DateFormatterHelper.swift */,
			);
			path = Helpers;
			sourceTree = "<group>";
		};
/* End PBXGroup section */

/* Begin PBXNativeTarget section */
		BFDAE3982D01BA0900ECAA6F /* TravelSchedule */ = {
			isa = PBXNativeTarget;
			buildConfigurationList = BFDAE3A72D01BA0A00ECAA6F /* Build configuration list for PBXNativeTarget "TravelSchedule" */;
			buildPhases = (
				BFDAE3952D01BA0900ECAA6F /* Sources */,
				BFDAE3962D01BA0900ECAA6F /* Frameworks */,
				BFDAE3972D01BA0900ECAA6F /* Resources */,
			);
			buildRules = (
			);
			dependencies = (
				BFDAE4012D08496B00ECAA6F /* PBXTargetDependency */,
			);
			name = TravelSchedule;
			packageProductDependencies = (
				BFDAE3FB2D08490000ECAA6F /* OpenAPIRuntime */,
				BFDAE3FE2D08492900ECAA6F /* OpenAPIURLSession */,
			);
			productName = TravelSchedule;
			productReference = BFDAE3992D01BA0900ECAA6F /* TravelSchedule.app */;
			productType = "com.apple.product-type.application";
		};
/* End PBXNativeTarget section */

/* Begin PBXProject section */
		BFDAE3912D01BA0900ECAA6F /* Project object */ = {
			isa = PBXProject;
			attributes = {
				BuildIndependentTargetsInParallel = 1;
				LastSwiftUpdateCheck = 1600;
				LastUpgradeCheck = 1600;
				TargetAttributes = {
					BFDAE3982D01BA0900ECAA6F = {
						CreatedOnToolsVersion = 16.0;
					};
				};
			};
			buildConfigurationList = BFDAE3942D01BA0900ECAA6F /* Build configuration list for PBXProject "TravelSchedule" */;
			developmentRegion = en;
			hasScannedForEncodings = 0;
			knownRegions = (
				en,
				Base,
			);
			mainGroup = BFDAE3902D01BA0900ECAA6F;
			minimizedProjectReferenceProxies = 1;
			packageReferences = (
				BFDAE3F72D0848C900ECAA6F /* XCRemoteSwiftPackageReference "swift-openapi-generator" */,
				BFDAE3FA2D08490000ECAA6F /* XCRemoteSwiftPackageReference "swift-openapi-runtime" */,
				BFDAE3FD2D08492900ECAA6F /* XCRemoteSwiftPackageReference "swift-openapi-urlsession" */,
			);
			preferredProjectObjectVersion = 77;
			productRefGroup = BFDAE39A2D01BA0900ECAA6F /* Products */;
			projectDirPath = "";
			projectRoot = "";
			targets = (
				BFDAE3982D01BA0900ECAA6F /* TravelSchedule */,
			);
		};
/* End PBXProject section */

/* Begin PBXResourcesBuildPhase section */
		BFDAE3972D01BA0900ECAA6F /* Resources */ = {
			isa = PBXResourcesBuildPhase;
			buildActionMask = 2147483647;
			files = (
				BFDAE3F32D08486500ECAA6F /* Preview Assets.xcassets in Resources */,
				BFDAE4052D0849F600ECAA6F /* openapi.yaml in Resources */,
				BFDAE3F42D08486500ECAA6F /* Assets.xcassets in Resources */,
				BFDAE4032D0849A300ECAA6F /* openapi-generator-config.yaml in Resources */,
			);
			runOnlyForDeploymentPostprocessing = 0;
		};
/* End PBXResourcesBuildPhase section */

/* Begin PBXSourcesBuildPhase section */
		BFDAE3952D01BA0900ECAA6F /* Sources */ = {
			isa = PBXSourcesBuildPhase;
			buildActionMask = 2147483647;
			files = (
				BFB7E0BE2D311F9700EEC20B /* CityModel.swift in Sources */,
				BFB7E0D02D312ECC00EEC20B /* TripModel.swift in Sources */,
				BF85BC9F2D4253F500ED40C9 /* StoryPreview.swift in Sources */,
				BF85BC632D3E6CC300ED40C9 /* Reachability.swift in Sources */,
				BF5380122D2C0DA400575C64 /* SettingsView.swift in Sources */,
				BF85BC7F2D41031100ED40C9 /* StoriesView.swift in Sources */,
				BFB7E0DE2D3905EC00EEC20B /* TripsListView.swift in Sources */,
				BFDAE4172D0AEFE400ECAA6F /* CarrierService.swift in Sources */,
				BFDAE41A2D0AF1A700ECAA6F /* Constants.swift in Sources */,
				BF85BC792D41008F00ED40C9 /* Font+Extension.swift in Sources */,
				BFB7E0DC2D3904FB00EEC20B /* StationsListView.swift in Sources */,
				BFB7E0E02D39060500EEC20B /* TripsRowView.swift in Sources */,
				BFB7E0EA2D390BCC00EEC20B /* WebContentView.swift in Sources */,
				BFDAE3F52D08486500ECAA6F /* ContentView.swift in Sources */,
				BF85BC852D4246C700ED40C9 /* ProgressBar.swift in Sources */,
				BF85BC8F2D424BCB00ED40C9 /* TimerConfiguration.swift in Sources */,
				BF85BCAB2D491C1B00ED40C9 /* NetworkClient.swift in Sources */,
				BFB7E0E42D3906C100EEC20B /* CarrierInfoView.swift in Sources */,
				BF5380102D2C0D9700575C64 /* ScheduleView.swift in Sources */,
				BFDAE40C2D0AE6AC00ECAA6F /* ScheduleService.swift in Sources */,
				BF85BC602D3E694700ED40C9 /* ErrorType.swift in Sources */,
				BFDAE40A2D08522900ECAA6F /* SearchService.swift in Sources */,
				BF85BC972D42501F00ED40C9 /* TimerConfiguration+Calculations.swift in Sources */,
				BF85BCA62D47963600ED40C9 /* ScheduleViewModel.swift in Sources */,
				BFDAE4152D0AEECB00ECAA6F /* NearestSettlementService.swift in Sources */,
				BF85BC7C2D4102C500ED40C9 /* CloseButton.swift in Sources */,
				BFB7E0CE2D312EA200EEC20B /* Mock.swift in Sources */,
				BFB7E0C72D312C0600EEC20B /* Destination.swift in Sources */,
				BFB7E0E22D39064A00EEC20B /* TripFilterView.swift in Sources */,
				BF85BC9B2D4250B700ED40C9 /* StoriesTabView.swift in Sources */,
				BFB7E0C12D31235200EEC20B /* SearchBarView.swift in Sources */,
				BFDAE4082D084AB300ECAA6F /* NearestStationService.swift in Sources */,
				BFB7E0D42D312F0200EEC20B /* CarriersViewModel.swift in Sources */,
				BFB7E0E72D390B4A00EEC20B /* ErrorView.swift in Sources */,
				BFDAE3F62D08486500ECAA6F /* TravelScheduleApp.swift in Sources */,
				BF85BCA92D49194A00ED40C9 /* StationsListViewModel.swift in Sources */,
				BFDAE40F2D0AEB8D00ECAA6F /* ThreadService.swift in Sources */,
				BF85BCA32D478B5F00ED40C9 /* SettingsViewModel.swift in Sources */,
				BFB7E0CA2D312CD200EEC20B /* StationModel.swift in Sources */,
				BFDAE4132D0AEDF000ECAA6F /* StationsListService.swift in Sources */,
				BFDAE4112D0AECB500ECAA6F /* CopyrightService.swift in Sources */,
				BF85BC762D40FD6300ED40C9 /* StoryView.swift in Sources */,
				BFB7E0D22D312ED900EEC20B /* CarrierModel.swift in Sources */,
				BFB7E0D62D3902A100EEC20B /* CityListView.swift in Sources */,
				BF85BC992D42506D00ED40C9 /* StoriesProgressBar.swift in Sources */,
				BFB7E0CC2D312E7100EEC20B /* TripsViewModel.swift in Sources */,
				BF5380052D2C061400575C64 /* SplashScreenView.swift in Sources */,
				BF85BCAD2D4B7AE400ED40C9 /* DateFormatterHelper.swift in Sources */,
				BFB7E0DA2D39044C00EEC20B /* CustomBackButton.swift in Sources */,
				BFB7E0ED2D390BEC00EEC20B /* WebView.swift in Sources */,
				BFB7E0B92D311E8100EEC20B /* CitiesViewModel.swift in Sources */,
				BF5380072D2C066700575C64 /* MainScreenView.swift in Sources */,
				BF85BC742D40FD2E00ED40C9 /* StoryModel.swift in Sources */,
			);
			runOnlyForDeploymentPostprocessing = 0;
		};
/* End PBXSourcesBuildPhase section */

/* Begin PBXTargetDependency section */
		BFDAE4012D08496B00ECAA6F /* PBXTargetDependency */ = {
			isa = PBXTargetDependency;
			productRef = BFDAE4002D08496B00ECAA6F /* OpenAPIGenerator */;
		};
/* End PBXTargetDependency section */

/* Begin XCBuildConfiguration section */
		BFDAE3A52D01BA0A00ECAA6F /* Debug */ = {
			isa = XCBuildConfiguration;
			buildSettings = {
				ALWAYS_SEARCH_USER_PATHS = NO;
				ASSETCATALOG_COMPILER_GENERATE_SWIFT_ASSET_SYMBOL_EXTENSIONS = YES;
				CLANG_ANALYZER_NONNULL = YES;
				CLANG_ANALYZER_NUMBER_OBJECT_CONVERSION = YES_AGGRESSIVE;
				CLANG_CXX_LANGUAGE_STANDARD = "gnu++20";
				CLANG_ENABLE_MODULES = YES;
				CLANG_ENABLE_OBJC_ARC = YES;
				CLANG_ENABLE_OBJC_WEAK = YES;
				CLANG_WARN_BLOCK_CAPTURE_AUTORELEASING = YES;
				CLANG_WARN_BOOL_CONVERSION = YES;
				CLANG_WARN_COMMA = YES;
				CLANG_WARN_CONSTANT_CONVERSION = YES;
				CLANG_WARN_DEPRECATED_OBJC_IMPLEMENTATIONS = YES;
				CLANG_WARN_DIRECT_OBJC_ISA_USAGE = YES_ERROR;
				CLANG_WARN_DOCUMENTATION_COMMENTS = YES;
				CLANG_WARN_EMPTY_BODY = YES;
				CLANG_WARN_ENUM_CONVERSION = YES;
				CLANG_WARN_INFINITE_RECURSION = YES;
				CLANG_WARN_INT_CONVERSION = YES;
				CLANG_WARN_NON_LITERAL_NULL_CONVERSION = YES;
				CLANG_WARN_OBJC_IMPLICIT_RETAIN_SELF = YES;
				CLANG_WARN_OBJC_LITERAL_CONVERSION = YES;
				CLANG_WARN_OBJC_ROOT_CLASS = YES_ERROR;
				CLANG_WARN_QUOTED_INCLUDE_IN_FRAMEWORK_HEADER = YES;
				CLANG_WARN_RANGE_LOOP_ANALYSIS = YES;
				CLANG_WARN_STRICT_PROTOTYPES = YES;
				CLANG_WARN_SUSPICIOUS_MOVE = YES;
				CLANG_WARN_UNGUARDED_AVAILABILITY = YES_AGGRESSIVE;
				CLANG_WARN_UNREACHABLE_CODE = YES;
				CLANG_WARN__DUPLICATE_METHOD_MATCH = YES;
				COPY_PHASE_STRIP = NO;
				DEBUG_INFORMATION_FORMAT = dwarf;
				ENABLE_STRICT_OBJC_MSGSEND = YES;
				ENABLE_TESTABILITY = YES;
				ENABLE_USER_SCRIPT_SANDBOXING = YES;
				GCC_C_LANGUAGE_STANDARD = gnu17;
				GCC_DYNAMIC_NO_PIC = NO;
				GCC_NO_COMMON_BLOCKS = YES;
				GCC_OPTIMIZATION_LEVEL = 0;
				GCC_PREPROCESSOR_DEFINITIONS = (
					"DEBUG=1",
					"$(inherited)",
				);
				GCC_WARN_64_TO_32_BIT_CONVERSION = YES;
				GCC_WARN_ABOUT_RETURN_TYPE = YES_ERROR;
				GCC_WARN_UNDECLARED_SELECTOR = YES;
				GCC_WARN_UNINITIALIZED_AUTOS = YES_AGGRESSIVE;
				GCC_WARN_UNUSED_FUNCTION = YES;
				GCC_WARN_UNUSED_VARIABLE = YES;
				IPHONEOS_DEPLOYMENT_TARGET = 18.0;
				LOCALIZATION_PREFERS_STRING_CATALOGS = YES;
				MTL_ENABLE_DEBUG_INFO = INCLUDE_SOURCE;
				MTL_FAST_MATH = YES;
				ONLY_ACTIVE_ARCH = YES;
				SDKROOT = iphoneos;
				SWIFT_ACTIVE_COMPILATION_CONDITIONS = "DEBUG $(inherited)";
				SWIFT_OPTIMIZATION_LEVEL = "-Onone";
			};
			name = Debug;
		};
		BFDAE3A62D01BA0A00ECAA6F /* Release */ = {
			isa = XCBuildConfiguration;
			buildSettings = {
				ALWAYS_SEARCH_USER_PATHS = NO;
				ASSETCATALOG_COMPILER_GENERATE_SWIFT_ASSET_SYMBOL_EXTENSIONS = YES;
				CLANG_ANALYZER_NONNULL = YES;
				CLANG_ANALYZER_NUMBER_OBJECT_CONVERSION = YES_AGGRESSIVE;
				CLANG_CXX_LANGUAGE_STANDARD = "gnu++20";
				CLANG_ENABLE_MODULES = YES;
				CLANG_ENABLE_OBJC_ARC = YES;
				CLANG_ENABLE_OBJC_WEAK = YES;
				CLANG_WARN_BLOCK_CAPTURE_AUTORELEASING = YES;
				CLANG_WARN_BOOL_CONVERSION = YES;
				CLANG_WARN_COMMA = YES;
				CLANG_WARN_CONSTANT_CONVERSION = YES;
				CLANG_WARN_DEPRECATED_OBJC_IMPLEMENTATIONS = YES;
				CLANG_WARN_DIRECT_OBJC_ISA_USAGE = YES_ERROR;
				CLANG_WARN_DOCUMENTATION_COMMENTS = YES;
				CLANG_WARN_EMPTY_BODY = YES;
				CLANG_WARN_ENUM_CONVERSION = YES;
				CLANG_WARN_INFINITE_RECURSION = YES;
				CLANG_WARN_INT_CONVERSION = YES;
				CLANG_WARN_NON_LITERAL_NULL_CONVERSION = YES;
				CLANG_WARN_OBJC_IMPLICIT_RETAIN_SELF = YES;
				CLANG_WARN_OBJC_LITERAL_CONVERSION = YES;
				CLANG_WARN_OBJC_ROOT_CLASS = YES_ERROR;
				CLANG_WARN_QUOTED_INCLUDE_IN_FRAMEWORK_HEADER = YES;
				CLANG_WARN_RANGE_LOOP_ANALYSIS = YES;
				CLANG_WARN_STRICT_PROTOTYPES = YES;
				CLANG_WARN_SUSPICIOUS_MOVE = YES;
				CLANG_WARN_UNGUARDED_AVAILABILITY = YES_AGGRESSIVE;
				CLANG_WARN_UNREACHABLE_CODE = YES;
				CLANG_WARN__DUPLICATE_METHOD_MATCH = YES;
				COPY_PHASE_STRIP = NO;
				DEBUG_INFORMATION_FORMAT = "dwarf-with-dsym";
				ENABLE_NS_ASSERTIONS = NO;
				ENABLE_STRICT_OBJC_MSGSEND = YES;
				ENABLE_USER_SCRIPT_SANDBOXING = YES;
				GCC_C_LANGUAGE_STANDARD = gnu17;
				GCC_NO_COMMON_BLOCKS = YES;
				GCC_WARN_64_TO_32_BIT_CONVERSION = YES;
				GCC_WARN_ABOUT_RETURN_TYPE = YES_ERROR;
				GCC_WARN_UNDECLARED_SELECTOR = YES;
				GCC_WARN_UNINITIALIZED_AUTOS = YES_AGGRESSIVE;
				GCC_WARN_UNUSED_FUNCTION = YES;
				GCC_WARN_UNUSED_VARIABLE = YES;
				IPHONEOS_DEPLOYMENT_TARGET = 18.0;
				LOCALIZATION_PREFERS_STRING_CATALOGS = YES;
				MTL_ENABLE_DEBUG_INFO = NO;
				MTL_FAST_MATH = YES;
				SDKROOT = iphoneos;
				SWIFT_COMPILATION_MODE = wholemodule;
				VALIDATE_PRODUCT = YES;
			};
			name = Release;
		};
		BFDAE3A82D01BA0A00ECAA6F /* Debug */ = {
			isa = XCBuildConfiguration;
			buildSettings = {
				ASSETCATALOG_COMPILER_APPICON_NAME = AppIcon;
				ASSETCATALOG_COMPILER_GLOBAL_ACCENT_COLOR_NAME = AccentColor;
				CODE_SIGN_STYLE = Automatic;
				CURRENT_PROJECT_VERSION = 1;
				DEVELOPMENT_ASSET_PATHS = "\"TravelSchedule/Preview Content\"";
				DEVELOPMENT_TEAM = YDM65X7W86;
				ENABLE_PREVIEWS = YES;
				GENERATE_INFOPLIST_FILE = YES;
				INFOPLIST_FILE = TravelSchedule/Info.plist;
				INFOPLIST_KEY_UIApplicationSceneManifest_Generation = YES;
				INFOPLIST_KEY_UIApplicationSupportsIndirectInputEvents = YES;
				INFOPLIST_KEY_UILaunchScreen_Generation = YES;
				INFOPLIST_KEY_UISupportedInterfaceOrientations = UIInterfaceOrientationPortrait;
				INFOPLIST_KEY_UISupportedInterfaceOrientations_iPad = "UIInterfaceOrientationLandscapeLeft UIInterfaceOrientationLandscapeRight UIInterfaceOrientationPortrait UIInterfaceOrientationPortraitUpsideDown";
				IPHONEOS_DEPLOYMENT_TARGET = 17.0;
				LD_RUNPATH_SEARCH_PATHS = (
					"$(inherited)",
					"@executable_path/Frameworks",
				);
				MARKETING_VERSION = 1.0;
				PRODUCT_BUNDLE_IDENTIFIER = ru.praktikum.TravelSchedule;
				PRODUCT_NAME = "$(TARGET_NAME)";
				SUPPORTED_PLATFORMS = "iphoneos iphonesimulator";
				SUPPORTS_MACCATALYST = NO;
				SUPPORTS_MAC_DESIGNED_FOR_IPHONE_IPAD = NO;
				SUPPORTS_XR_DESIGNED_FOR_IPHONE_IPAD = NO;
				SWIFT_EMIT_LOC_STRINGS = YES;
				SWIFT_VERSION = 5.0;
				TARGETED_DEVICE_FAMILY = 1;
			};
			name = Debug;
		};
		BFDAE3A92D01BA0A00ECAA6F /* Release */ = {
			isa = XCBuildConfiguration;
			buildSettings = {
				ASSETCATALOG_COMPILER_APPICON_NAME = AppIcon;
				ASSETCATALOG_COMPILER_GLOBAL_ACCENT_COLOR_NAME = AccentColor;
				CODE_SIGN_STYLE = Automatic;
				CURRENT_PROJECT_VERSION = 1;
				DEVELOPMENT_ASSET_PATHS = "\"TravelSchedule/Preview Content\"";
				DEVELOPMENT_TEAM = YDM65X7W86;
				ENABLE_PREVIEWS = YES;
				GENERATE_INFOPLIST_FILE = YES;
				INFOPLIST_FILE = TravelSchedule/Info.plist;
				INFOPLIST_KEY_UIApplicationSceneManifest_Generation = YES;
				INFOPLIST_KEY_UIApplicationSupportsIndirectInputEvents = YES;
				INFOPLIST_KEY_UILaunchScreen_Generation = YES;
				INFOPLIST_KEY_UISupportedInterfaceOrientations = UIInterfaceOrientationPortrait;
				INFOPLIST_KEY_UISupportedInterfaceOrientations_iPad = "UIInterfaceOrientationLandscapeLeft UIInterfaceOrientationLandscapeRight UIInterfaceOrientationPortrait UIInterfaceOrientationPortraitUpsideDown";
				IPHONEOS_DEPLOYMENT_TARGET = 17.0;
				LD_RUNPATH_SEARCH_PATHS = (
					"$(inherited)",
					"@executable_path/Frameworks",
				);
				MARKETING_VERSION = 1.0;
				PRODUCT_BUNDLE_IDENTIFIER = ru.praktikum.TravelSchedule;
				PRODUCT_NAME = "$(TARGET_NAME)";
				SUPPORTED_PLATFORMS = "iphoneos iphonesimulator";
				SUPPORTS_MACCATALYST = NO;
				SUPPORTS_MAC_DESIGNED_FOR_IPHONE_IPAD = NO;
				SUPPORTS_XR_DESIGNED_FOR_IPHONE_IPAD = NO;
				SWIFT_EMIT_LOC_STRINGS = YES;
				SWIFT_VERSION = 5.0;
				TARGETED_DEVICE_FAMILY = 1;
			};
			name = Release;
		};
/* End XCBuildConfiguration section */

/* Begin XCConfigurationList section */
		BFDAE3942D01BA0900ECAA6F /* Build configuration list for PBXProject "TravelSchedule" */ = {
			isa = XCConfigurationList;
			buildConfigurations = (
				BFDAE3A52D01BA0A00ECAA6F /* Debug */,
				BFDAE3A62D01BA0A00ECAA6F /* Release */,
			);
			defaultConfigurationIsVisible = 0;
			defaultConfigurationName = Release;
		};
		BFDAE3A72D01BA0A00ECAA6F /* Build configuration list for PBXNativeTarget "TravelSchedule" */ = {
			isa = XCConfigurationList;
			buildConfigurations = (
				BFDAE3A82D01BA0A00ECAA6F /* Debug */,
				BFDAE3A92D01BA0A00ECAA6F /* Release */,
			);
			defaultConfigurationIsVisible = 0;
			defaultConfigurationName = Release;
		};
/* End XCConfigurationList section */

/* Begin XCRemoteSwiftPackageReference section */
		BFDAE3F72D0848C900ECAA6F /* XCRemoteSwiftPackageReference "swift-openapi-generator" */ = {
			isa = XCRemoteSwiftPackageReference;
			repositoryURL = "https://github.com/apple/swift-openapi-generator";
			requirement = {
				kind = upToNextMajorVersion;
				minimumVersion = 1.5.0;
			};
		};
		BFDAE3FA2D08490000ECAA6F /* XCRemoteSwiftPackageReference "swift-openapi-runtime" */ = {
			isa = XCRemoteSwiftPackageReference;
			repositoryURL = "https://github.com/apple/swift-openapi-runtime";
			requirement = {
				kind = upToNextMajorVersion;
				minimumVersion = 1.7.0;
			};
		};
		BFDAE3FD2D08492900ECAA6F /* XCRemoteSwiftPackageReference "swift-openapi-urlsession" */ = {
			isa = XCRemoteSwiftPackageReference;
			repositoryURL = "https://github.com/apple/swift-openapi-urlsession";
			requirement = {
				kind = upToNextMajorVersion;
				minimumVersion = 1.0.2;
			};
		};
/* End XCRemoteSwiftPackageReference section */

/* Begin XCSwiftPackageProductDependency section */
		BFDAE3FB2D08490000ECAA6F /* OpenAPIRuntime */ = {
			isa = XCSwiftPackageProductDependency;
			package = BFDAE3FA2D08490000ECAA6F /* XCRemoteSwiftPackageReference "swift-openapi-runtime" */;
			productName = OpenAPIRuntime;
		};
		BFDAE3FE2D08492900ECAA6F /* OpenAPIURLSession */ = {
			isa = XCSwiftPackageProductDependency;
			package = BFDAE3FD2D08492900ECAA6F /* XCRemoteSwiftPackageReference "swift-openapi-urlsession" */;
			productName = OpenAPIURLSession;
		};
		BFDAE4002D08496B00ECAA6F /* OpenAPIGenerator */ = {
			isa = XCSwiftPackageProductDependency;
			package = BFDAE3F72D0848C900ECAA6F /* XCRemoteSwiftPackageReference "swift-openapi-generator" */;
			productName = "plugin:OpenAPIGenerator";
		};
/* End XCSwiftPackageProductDependency section */
	};
	rootObject = BFDAE3912D01BA0900ECAA6F /* Project object */;
}
